
Microsoft Visual Studio Solution File, Format Version 12.00
# Visual Studio Version 17
VisualStudioVersion = 17.11.35312.102
MinimumVisualStudioVersion = 10.0.40219.1
Project("{9A19103F-16F7-4668-BE54-9A1E7A4F7556}") = "Project_Work_My_Telegram_bot", "Project_Work_My_Telegram_bot\Project_Work_My_Telegram_bot.csproj", "{EE6B72F6-DE52-4A15-9093-CB995E0C7677}"
EndProject
Global
	GlobalSection(SolutionConfigurationPlatforms) = preSolution
		Debug|Any CPU = Debug|Any CPU
		Release|Any CPU = Release|Any CPU
	EndGlobalSection
	GlobalSection(ProjectConfigurationPlatforms) = postSolution
		{EE6B72F6-DE52-4A15-9093-CB995E0C7677}.Debug|Any CPU.ActiveCfg = Debug|Any CPU
		{EE6B72F6-DE52-4A15-9093-CB995E0C7677}.Debug|Any CPU.Build.0 = Debug|Any CPU
		{EE6B72F6-DE52-4A15-9093-CB995E0C7677}.Release|Any CPU.ActiveCfg = Release|Any CPU
		{EE6B72F6-DE52-4A15-9093-CB995E0C7677}.Release|Any CPU.Build.0 = Release|Any CPU
	EndGlobalSection
	GlobalSection(SolutionProperties) = preSolution
		HideSolutionNode = FALSE
	EndGlobalSection
	GlobalSection(ExtensibilityGlobals) = postSolution
		SolutionGuid = {F0E03C8B-E031-4218-ADAA-4481E870DB7F}
	EndGlobalSection
EndGlobal
